// !$*UTF8*$!
{
	archiveVersion = 1;
	classes = {
	};
	objectVersion = 56;
	objects = {

/* Begin PBXBuildFile section */
		2A01FA112A4C84F400C7C1CE /* WordWizeApp.swift in Sources */ = {isa = PBXBuildFile; fileRef = 2A01FA102A4C84F400C7C1CE /* WordWizeApp.swift */; };
		2A0CC6D02A5BBE9C00657BA4 /* Color+Extension.swift in Sources */ = {isa = PBXBuildFile; fileRef = 2A0CC6CF2A5BBE9C00657BA4 /* Color+Extension.swift */; };
		2A1787C22A3EFAD400773FD6 /* Card.xcdatamodeld in Sources */ = {isa = PBXBuildFile; fileRef = 2A1787C02A3EFAD400773FD6 /* Card.xcdatamodeld */; };
		2A2015C62A63F42300C67716 /* NetworkService.swift in Sources */ = {isa = PBXBuildFile; fileRef = 2A2015C52A63F42300C67716 /* NetworkService.swift */; };
		2A2583D62AA8328F00B64531 /* AddCardViewModelTests.swift in Sources */ = {isa = PBXBuildFile; fileRef = 2A2583D52AA8328F00B64531 /* AddCardViewModelTests.swift */; };
		2A3C1E082A3944E4001B6E0E /* CardView.swift in Sources */ = {isa = PBXBuildFile; fileRef = 2A3C1E072A3944E4001B6E0E /* CardView.swift */; };
		2A442B8F2A7010420083A476 /* Keys.swift in Sources */ = {isa = PBXBuildFile; fileRef = 2A442B8E2A7010420083A476 /* Keys.swift */; };
		2A46C39E2A88B1BC0020FE22 /* CategoryListView.swift in Sources */ = {isa = PBXBuildFile; fileRef = 2A46C39D2A88B1BC0020FE22 /* CategoryListView.swift */; };
		2A4804AF2A714EE6003AC26E /* MerriamWebsterResponse.swift in Sources */ = {isa = PBXBuildFile; fileRef = 2A4804AE2A714EE6003AC26E /* MerriamWebsterResponse.swift */; };
		2A4F00A02A5132510000928E /* BlurBackground.swift in Sources */ = {isa = PBXBuildFile; fileRef = 2A4F009F2A5132510000928E /* BlurBackground.swift */; };
		2A581C232A89241900A86494 /* MasteryRateBars.swift in Sources */ = {isa = PBXBuildFile; fileRef = 2A581C222A89241900A86494 /* MasteryRateBars.swift */; };
		2A5E8C412A9C7B9E00039950 /* AppState.swift in Sources */ = {isa = PBXBuildFile; fileRef = 2A5E8C402A9C7B9E00039950 /* AppState.swift */; };
		2A5E8C432A9C7BBD00039950 /* DIContainer.swift in Sources */ = {isa = PBXBuildFile; fileRef = 2A5E8C422A9C7BBD00039950 /* DIContainer.swift */; };
		2A68022D2A9BB94E00AADB8C /* NoCardViewModel.swift in Sources */ = {isa = PBXBuildFile; fileRef = 2A68022C2A9BB94E00AADB8C /* NoCardViewModel.swift */; };
		2A6802302A9BBB8A00AADB8C /* MasteryRateBarsViewModel.swift in Sources */ = {isa = PBXBuildFile; fileRef = 2A68022F2A9BBB8A00AADB8C /* MasteryRateBarsViewModel.swift */; };
		2A682AC82AA8752500C5DB70 /* CardListViewModelTests.swift in Sources */ = {isa = PBXBuildFile; fileRef = 2A682AC72AA8752500C5DB70 /* CardListViewModelTests.swift */; };
		2A71E43F2A48500E005B897C /* CardListView.swift in Sources */ = {isa = PBXBuildFile; fileRef = 2A71E43E2A48500E005B897C /* CardListView.swift */; };
		2A71E4412A4851FE005B897C /* NoCardView.swift in Sources */ = {isa = PBXBuildFile; fileRef = 2A71E4402A4851FE005B897C /* NoCardView.swift */; };
		2A737B332A6DA3B1002814E2 /* translationResponse.swift in Sources */ = {isa = PBXBuildFile; fileRef = 2A737B322A6DA3B1002814E2 /* translationResponse.swift */; };
		2A73CE362A9B2F1C003D9A23 /* AddCardViewModel.swift in Sources */ = {isa = PBXBuildFile; fileRef = 2A73CE352A9B2F1C003D9A23 /* AddCardViewModel.swift */; };
		2A73CE382A9B4046003D9A23 /* AccountViewModel.swift in Sources */ = {isa = PBXBuildFile; fileRef = 2A73CE372A9B4046003D9A23 /* AccountViewModel.swift */; };
		2A7A12742A8C5C9700DC44B7 /* WhatIsMasteryRateView.swift in Sources */ = {isa = PBXBuildFile; fileRef = 2A7A12732A8C5C9700DC44B7 /* WhatIsMasteryRateView.swift */; };
		2A8250EE2A922B4000ADD88E /* CardsView.swift in Sources */ = {isa = PBXBuildFile; fileRef = 2A8250ED2A922B4000ADD88E /* CardsView.swift */; };
		2A86C5F92A9E27EA002F0AA3 /* MockHelper.swift in Sources */ = {isa = PBXBuildFile; fileRef = 2A86C5F82A9E27EA002F0AA3 /* MockHelper.swift */; };
		2A881D232A8375C2003329E1 /* MasteryRate.swift in Sources */ = {isa = PBXBuildFile; fileRef = 2A881D222A8375C2003329E1 /* MasteryRate.swift */; };
		2AB6B86C2A9A511A00645F08 /* ContentViewModel.swift in Sources */ = {isa = PBXBuildFile; fileRef = 2AB6B86B2A9A511A00645F08 /* ContentViewModel.swift */; };
		2AB6B86F2A9A5D8000645F08 /* StudyViewModel.swift in Sources */ = {isa = PBXBuildFile; fileRef = 2AB6B86E2A9A5D8000645F08 /* StudyViewModel.swift */; };
		2AB6B8722A9A738C00645F08 /* CardViewModel.swift in Sources */ = {isa = PBXBuildFile; fileRef = 2AB6B8712A9A738C00645F08 /* CardViewModel.swift */; };
		2AB6B8752A9AFE0F00645F08 /* CardsViewModel.swift in Sources */ = {isa = PBXBuildFile; fileRef = 2AB6B8742A9AFE0F00645F08 /* CardsViewModel.swift */; };
		2AB6B8772A9B060F00645F08 /* CardListViewModel.swift in Sources */ = {isa = PBXBuildFile; fileRef = 2AB6B8762A9B060F00645F08 /* CardListViewModel.swift */; };
		2AB76AFA2A6386E300C2C260 /* ImageResponse.swift in Sources */ = {isa = PBXBuildFile; fileRef = 2AB76AF92A6386E300C2C260 /* ImageResponse.swift */; };
		2AB76B012A63998600C2C260 /* Array+Extension.swift in Sources */ = {isa = PBXBuildFile; fileRef = 2AB76B002A63998600C2C260 /* Array+Extension.swift */; };
		2AB7C9622A51240100A703FA /* PickerOptions.swift in Sources */ = {isa = PBXBuildFile; fileRef = 2AB7C9612A51240100A703FA /* PickerOptions.swift */; };
		2AB7C9682A512BD600A703FA /* GradientBackground.swift in Sources */ = {isa = PBXBuildFile; fileRef = 2AB7C9672A512BD600A703FA /* GradientBackground.swift */; };
		2ABC63602A38147900718C90 /* ContentView.swift in Sources */ = {isa = PBXBuildFile; fileRef = 2ABC635F2A38147900718C90 /* ContentView.swift */; };
		2ABC63622A38147900718C90 /* Assets.xcassets in Resources */ = {isa = PBXBuildFile; fileRef = 2ABC63612A38147900718C90 /* Assets.xcassets */; };
		2ABC636D2A38167800718C90 /* AccountView.swift in Sources */ = {isa = PBXBuildFile; fileRef = 2ABC636C2A38167800718C90 /* AccountView.swift */; };
		2ABC637D2A38194300718C90 /* AddCardView.swift in Sources */ = {isa = PBXBuildFile; fileRef = 2ABC637C2A38194300718C90 /* AddCardView.swift */; };
		2ABC637F2A381B2700718C90 /* StudyView.swift in Sources */ = {isa = PBXBuildFile; fileRef = 2ABC637E2A381B2700718C90 /* StudyView.swift */; };
		2ABD50282A40F461000459BC /* Persistence.swift in Sources */ = {isa = PBXBuildFile; fileRef = 2ABD50272A40F461000459BC /* Persistence.swift */; };
		2AD30C812A9EF76900BCEF04 /* MyError.swift in Sources */ = {isa = PBXBuildFile; fileRef = 2AD30C802A9EF76900BCEF04 /* MyError.swift */; };
		2ADC3C272A50A20C00AA5903 /* CoreDataService.swift in Sources */ = {isa = PBXBuildFile; fileRef = 2ADC3C262A50A20C00AA5903 /* CoreDataService.swift */; };
		2ADC3C2D2A50A83400AA5903 /* Launch Screen.storyboard in Resources */ = {isa = PBXBuildFile; fileRef = 2ADC3C2C2A50A83400AA5903 /* Launch Screen.storyboard */; };
		2AE1F8582AA6BAC000EE8AD9 /* ContentViewModelTests.swift in Sources */ = {isa = PBXBuildFile; fileRef = 2AE1F8572AA6BAC000EE8AD9 /* ContentViewModelTests.swift */; };
		2AE1F85A2AA6BCCE00EE8AD9 /* StudyViewModelTests.swift in Sources */ = {isa = PBXBuildFile; fileRef = 2AE1F8592AA6BCCE00EE8AD9 /* StudyViewModelTests.swift */; };
		2AE1F85E2AA6C1FD00EE8AD9 /* CardViewModelTests.swift in Sources */ = {isa = PBXBuildFile; fileRef = 2AE1F85D2AA6C1FD00EE8AD9 /* CardViewModelTests.swift */; };
		2AE1F8622AA6CDE000EE8AD9 /* WindowScene.swift in Sources */ = {isa = PBXBuildFile; fileRef = 2AE1F8612AA6CDE000EE8AD9 /* WindowScene.swift */; };
		2AE1F8642AA6CEA100EE8AD9 /* AudioSession.swift in Sources */ = {isa = PBXBuildFile; fileRef = 2AE1F8632AA6CEA100EE8AD9 /* AudioSession.swift */; };
		2AE687142A42CA6D009BDD0C /* CardResponse.swift in Sources */ = {isa = PBXBuildFile; fileRef = 2AE687132A42CA6D009BDD0C /* CardResponse.swift */; };
		2AFF922C2A9B263F0097ECE4 /* CategoryListViewModel.swift in Sources */ = {isa = PBXBuildFile; fileRef = 2AFF922B2A9B263F0097ECE4 /* CategoryListViewModel.swift */; };
		C60942EC2AAB782A000C43F9 /* ViewInspector in Frameworks */ = {isa = PBXBuildFile; productRef = C60942EB2AAB782A000C43F9 /* ViewInspector */; };
		C62C2ECF2AA4F68C0065DA91 /* Language.swift in Sources */ = {isa = PBXBuildFile; fileRef = C62C2ECE2AA4F68C0065DA91 /* Language.swift */; };
		C66750C62AAD191300C19343 /* CardViewTests.swift in Sources */ = {isa = PBXBuildFile; fileRef = C66750C52AAD191300C19343 /* CardViewTests.swift */; };
		C66F29952AAFE8EE00A73967 /* MockURLProtocol.swift in Sources */ = {isa = PBXBuildFile; fileRef = C66F29942AAFE8EE00A73967 /* MockURLProtocol.swift */; };
		C66F29992AB1260F00A73967 /* CardsViewModelTests.swift in Sources */ = {isa = PBXBuildFile; fileRef = C66F29982AB1260F00A73967 /* CardsViewModelTests.swift */; };
		C67328E52AACDEE5008D06C8 /* NoCardViewTests.swift in Sources */ = {isa = PBXBuildFile; fileRef = C67328E42AACDEE5008D06C8 /* NoCardViewTests.swift */; };
		C67328E72AACE905008D06C8 /* WhatIsMasteryRateViewTests.swift in Sources */ = {isa = PBXBuildFile; fileRef = C67328E62AACE905008D06C8 /* WhatIsMasteryRateViewTests.swift */; };
		C67328E92AACEE59008D06C8 /* CardListViewTests.swift in Sources */ = {isa = PBXBuildFile; fileRef = C67328E82AACEE59008D06C8 /* CardListViewTests.swift */; };
		C67328EB2AACFD64008D06C8 /* AddCardViewTests.swift in Sources */ = {isa = PBXBuildFile; fileRef = C67328EA2AACFD64008D06C8 /* AddCardViewTests.swift */; };
		C67328ED2AACFE9C008D06C8 /* MasteryRateBarsTests.swift in Sources */ = {isa = PBXBuildFile; fileRef = C67328EC2AACFE9C008D06C8 /* MasteryRateBarsTests.swift */; };
		C67328EF2AACFFA3008D06C8 /* CardsViewTests.swift in Sources */ = {isa = PBXBuildFile; fileRef = C67328EE2AACFFA3008D06C8 /* CardsViewTests.swift */; };
		C67328F12AAD0A35008D06C8 /* CategoryListViewTests.swift in Sources */ = {isa = PBXBuildFile; fileRef = C67328F02AAD0A35008D06C8 /* CategoryListViewTests.swift */; };
		C676D74F2AADCE0D00982CB1 /* Meaning+Extensions.swift in Sources */ = {isa = PBXBuildFile; fileRef = C676D74E2AADCE0D00982CB1 /* Meaning+Extensions.swift */; };
		C676D7512AADD07E00982CB1 /* Card+Extensions.swift in Sources */ = {isa = PBXBuildFile; fileRef = C676D7502AADD07E00982CB1 /* Card+Extensions.swift */; };
		C676D7572AADE23400982CB1 /* PickerAlertTests.swift in Sources */ = {isa = PBXBuildFile; fileRef = C676D7562AADE23400982CB1 /* PickerAlertTests.swift */; };
		C69314632AA9D844000A0F4F /* AccountViewTests.swift in Sources */ = {isa = PBXBuildFile; fileRef = C69314622AA9D844000A0F4F /* AccountViewTests.swift */; };
		C6DE56E42AA8DE7E00C30AFF /* CategoryListViewModelTests.swift in Sources */ = {isa = PBXBuildFile; fileRef = C6DE56E32AA8DE7E00C30AFF /* CategoryListViewModelTests.swift */; };
		C6DE56E62AA8F27C00C30AFF /* AccountViewModelTests.swift in Sources */ = {isa = PBXBuildFile; fileRef = C6DE56E52AA8F27C00C30AFF /* AccountViewModelTests.swift */; };
		C6DE56E82AA8F6CD00C30AFF /* NoCardViewModelTests.swift in Sources */ = {isa = PBXBuildFile; fileRef = C6DE56E72AA8F6CD00C30AFF /* NoCardViewModelTests.swift */; };
		C6DE56EA2AA8FE5100C30AFF /* MasteryRateBarsViewModelTests.swift in Sources */ = {isa = PBXBuildFile; fileRef = C6DE56E92AA8FE5100C30AFF /* MasteryRateBarsViewModelTests.swift */; };
		C6FA61562AAE0C9C00DE1B5C /* CoreDataServiceTests.swift in Sources */ = {isa = PBXBuildFile; fileRef = C6FA61552AAE0C9C00DE1B5C /* CoreDataServiceTests.swift */; };
		C6FA61582AAE189700DE1B5C /* NetworkServiceTests.swift in Sources */ = {isa = PBXBuildFile; fileRef = C6FA61572AAE189700DE1B5C /* NetworkServiceTests.swift */; };
		C6FA61622AAE421E00DE1B5C /* PickerAlert.swift in Sources */ = {isa = PBXBuildFile; fileRef = C6FA61612AAE421E00DE1B5C /* PickerAlert.swift */; };
		C6FA61642AAE423800DE1B5C /* CardDetailSheet.swift in Sources */ = {isa = PBXBuildFile; fileRef = C6FA61632AAE423800DE1B5C /* CardDetailSheet.swift */; };
		C6FA61672AAE42BA00DE1B5C /* ProgressAlert.swift in Sources */ = {isa = PBXBuildFile; fileRef = C6FA61662AAE42BA00DE1B5C /* ProgressAlert.swift */; };
		C6FA616C2AAE445500DE1B5C /* CardDetailSheetTests.swift in Sources */ = {isa = PBXBuildFile; fileRef = C6FA616B2AAE445500DE1B5C /* CardDetailSheetTests.swift */; };
		C6FA616F2AAE4B1900DE1B5C /* MailView.swift in Sources */ = {isa = PBXBuildFile; fileRef = C6FA616E2AAE4B1900DE1B5C /* MailView.swift */; };
/* End PBXBuildFile section */

/* Begin PBXContainerItemProxy section */
		2A2015BD2A63D9EA00C67716 /* PBXContainerItemProxy */ = {
			isa = PBXContainerItemProxy;
			containerPortal = 2ABC63522A38147900718C90 /* Project object */;
			proxyType = 1;
			remoteGlobalIDString = 2ABC63592A38147900718C90;
			remoteInfo = WordWize;
		};
/* End PBXContainerItemProxy section */

/* Begin PBXFileReference section */
		2A01FA0F2A4C84E900C7C1CE /* WordWize.entitlements */ = {isa = PBXFileReference; fileEncoding = 4; lastKnownFileType = text.plist.entitlements; path = WordWize.entitlements; sourceTree = "<group>"; };
		2A01FA102A4C84F400C7C1CE /* WordWizeApp.swift */ = {isa = PBXFileReference; fileEncoding = 4; lastKnownFileType = sourcecode.swift; path = WordWizeApp.swift; sourceTree = "<group>"; };
		2A0CC6CF2A5BBE9C00657BA4 /* Color+Extension.swift */ = {isa = PBXFileReference; lastKnownFileType = sourcecode.swift; path = "Color+Extension.swift"; sourceTree = "<group>"; };
		2A1787C12A3EFAD400773FD6 /* Card.xcdatamodel */ = {isa = PBXFileReference; lastKnownFileType = wrapper.xcdatamodel; path = Card.xcdatamodel; sourceTree = "<group>"; };
		2A2015B92A63D9EA00C67716 /* WordWizeTests.xctest */ = {isa = PBXFileReference; explicitFileType = wrapper.cfbundle; includeInIndex = 0; path = WordWizeTests.xctest; sourceTree = BUILT_PRODUCTS_DIR; };
		2A2015C52A63F42300C67716 /* NetworkService.swift */ = {isa = PBXFileReference; lastKnownFileType = sourcecode.swift; path = NetworkService.swift; sourceTree = "<group>"; };
		2A2583D52AA8328F00B64531 /* AddCardViewModelTests.swift */ = {isa = PBXFileReference; lastKnownFileType = sourcecode.swift; path = AddCardViewModelTests.swift; sourceTree = "<group>"; };
		2A3C1E072A3944E4001B6E0E /* CardView.swift */ = {isa = PBXFileReference; lastKnownFileType = sourcecode.swift; path = CardView.swift; sourceTree = "<group>"; };
		2A442B8E2A7010420083A476 /* Keys.swift */ = {isa = PBXFileReference; lastKnownFileType = sourcecode.swift; path = Keys.swift; sourceTree = "<group>"; };
		2A46C39D2A88B1BC0020FE22 /* CategoryListView.swift */ = {isa = PBXFileReference; lastKnownFileType = sourcecode.swift; path = CategoryListView.swift; sourceTree = "<group>"; };
		2A4804AE2A714EE6003AC26E /* MerriamWebsterResponse.swift */ = {isa = PBXFileReference; lastKnownFileType = sourcecode.swift; path = MerriamWebsterResponse.swift; sourceTree = "<group>"; };
		2A4F009F2A5132510000928E /* BlurBackground.swift */ = {isa = PBXFileReference; lastKnownFileType = sourcecode.swift; path = BlurBackground.swift; sourceTree = "<group>"; };
		2A581C222A89241900A86494 /* MasteryRateBars.swift */ = {isa = PBXFileReference; lastKnownFileType = sourcecode.swift; path = MasteryRateBars.swift; sourceTree = "<group>"; };
		2A5E8C402A9C7B9E00039950 /* AppState.swift */ = {isa = PBXFileReference; lastKnownFileType = sourcecode.swift; path = AppState.swift; sourceTree = "<group>"; };
		2A5E8C422A9C7BBD00039950 /* DIContainer.swift */ = {isa = PBXFileReference; lastKnownFileType = sourcecode.swift; path = DIContainer.swift; sourceTree = "<group>"; };
		2A68022C2A9BB94E00AADB8C /* NoCardViewModel.swift */ = {isa = PBXFileReference; lastKnownFileType = sourcecode.swift; path = NoCardViewModel.swift; sourceTree = "<group>"; };
		2A68022F2A9BBB8A00AADB8C /* MasteryRateBarsViewModel.swift */ = {isa = PBXFileReference; lastKnownFileType = sourcecode.swift; path = MasteryRateBarsViewModel.swift; sourceTree = "<group>"; };
		2A682AC72AA8752500C5DB70 /* CardListViewModelTests.swift */ = {isa = PBXFileReference; lastKnownFileType = sourcecode.swift; path = CardListViewModelTests.swift; sourceTree = "<group>"; };
		2A71E43E2A48500E005B897C /* CardListView.swift */ = {isa = PBXFileReference; lastKnownFileType = sourcecode.swift; path = CardListView.swift; sourceTree = "<group>"; };
		2A71E4402A4851FE005B897C /* NoCardView.swift */ = {isa = PBXFileReference; lastKnownFileType = sourcecode.swift; path = NoCardView.swift; sourceTree = "<group>"; };
		2A737B322A6DA3B1002814E2 /* translationResponse.swift */ = {isa = PBXFileReference; lastKnownFileType = sourcecode.swift; path = translationResponse.swift; sourceTree = "<group>"; };
		2A73CE352A9B2F1C003D9A23 /* AddCardViewModel.swift */ = {isa = PBXFileReference; lastKnownFileType = sourcecode.swift; path = AddCardViewModel.swift; sourceTree = "<group>"; };
		2A73CE372A9B4046003D9A23 /* AccountViewModel.swift */ = {isa = PBXFileReference; lastKnownFileType = sourcecode.swift; path = AccountViewModel.swift; sourceTree = "<group>"; };
		2A7A12732A8C5C9700DC44B7 /* WhatIsMasteryRateView.swift */ = {isa = PBXFileReference; lastKnownFileType = sourcecode.swift; path = WhatIsMasteryRateView.swift; sourceTree = "<group>"; };
		2A8250ED2A922B4000ADD88E /* CardsView.swift */ = {isa = PBXFileReference; lastKnownFileType = sourcecode.swift; path = CardsView.swift; sourceTree = "<group>"; };
		2A86C5F82A9E27EA002F0AA3 /* MockHelper.swift */ = {isa = PBXFileReference; lastKnownFileType = sourcecode.swift; path = MockHelper.swift; sourceTree = "<group>"; };
		2A881D222A8375C2003329E1 /* MasteryRate.swift */ = {isa = PBXFileReference; lastKnownFileType = sourcecode.swift; path = MasteryRate.swift; sourceTree = "<group>"; };
		2AB6B86B2A9A511A00645F08 /* ContentViewModel.swift */ = {isa = PBXFileReference; lastKnownFileType = sourcecode.swift; path = ContentViewModel.swift; sourceTree = "<group>"; };
		2AB6B86E2A9A5D8000645F08 /* StudyViewModel.swift */ = {isa = PBXFileReference; lastKnownFileType = sourcecode.swift; path = StudyViewModel.swift; sourceTree = "<group>"; };
		2AB6B8712A9A738C00645F08 /* CardViewModel.swift */ = {isa = PBXFileReference; lastKnownFileType = sourcecode.swift; path = CardViewModel.swift; sourceTree = "<group>"; };
		2AB6B8742A9AFE0F00645F08 /* CardsViewModel.swift */ = {isa = PBXFileReference; lastKnownFileType = sourcecode.swift; path = CardsViewModel.swift; sourceTree = "<group>"; };
		2AB6B8762A9B060F00645F08 /* CardListViewModel.swift */ = {isa = PBXFileReference; lastKnownFileType = sourcecode.swift; path = CardListViewModel.swift; sourceTree = "<group>"; };
		2AB76AF92A6386E300C2C260 /* ImageResponse.swift */ = {isa = PBXFileReference; lastKnownFileType = sourcecode.swift; path = ImageResponse.swift; sourceTree = "<group>"; };
		2AB76B002A63998600C2C260 /* Array+Extension.swift */ = {isa = PBXFileReference; lastKnownFileType = sourcecode.swift; path = "Array+Extension.swift"; sourceTree = "<group>"; };
		2AB7C9612A51240100A703FA /* PickerOptions.swift */ = {isa = PBXFileReference; lastKnownFileType = sourcecode.swift; path = PickerOptions.swift; sourceTree = "<group>"; };
		2AB7C9672A512BD600A703FA /* GradientBackground.swift */ = {isa = PBXFileReference; lastKnownFileType = sourcecode.swift; path = GradientBackground.swift; sourceTree = "<group>"; };
		2ABC635A2A38147900718C90 /* WordWize.app */ = {isa = PBXFileReference; explicitFileType = wrapper.application; includeInIndex = 0; path = WordWize.app; sourceTree = BUILT_PRODUCTS_DIR; };
		2ABC635F2A38147900718C90 /* ContentView.swift */ = {isa = PBXFileReference; lastKnownFileType = sourcecode.swift; path = ContentView.swift; sourceTree = "<group>"; };
		2ABC63612A38147900718C90 /* Assets.xcassets */ = {isa = PBXFileReference; lastKnownFileType = folder.assetcatalog; path = Assets.xcassets; sourceTree = "<group>"; };
		2ABC636C2A38167800718C90 /* AccountView.swift */ = {isa = PBXFileReference; fileEncoding = 4; lastKnownFileType = sourcecode.swift; path = AccountView.swift; sourceTree = "<group>"; };
		2ABC637C2A38194300718C90 /* AddCardView.swift */ = {isa = PBXFileReference; lastKnownFileType = sourcecode.swift; path = AddCardView.swift; sourceTree = "<group>"; };
		2ABC637E2A381B2700718C90 /* StudyView.swift */ = {isa = PBXFileReference; lastKnownFileType = sourcecode.swift; path = StudyView.swift; sourceTree = "<group>"; };
		2ABD50272A40F461000459BC /* Persistence.swift */ = {isa = PBXFileReference; lastKnownFileType = sourcecode.swift; path = Persistence.swift; sourceTree = "<group>"; };
		2AD30C802A9EF76900BCEF04 /* MyError.swift */ = {isa = PBXFileReference; lastKnownFileType = sourcecode.swift; path = MyError.swift; sourceTree = "<group>"; };
		2AD373E52A6D83FB006DD2FB /* Info.plist */ = {isa = PBXFileReference; lastKnownFileType = text.plist.xml; path = Info.plist; sourceTree = "<group>"; };
		2ADC3C262A50A20C00AA5903 /* CoreDataService.swift */ = {isa = PBXFileReference; lastKnownFileType = sourcecode.swift; path = CoreDataService.swift; sourceTree = "<group>"; };
		2ADC3C2C2A50A83400AA5903 /* Launch Screen.storyboard */ = {isa = PBXFileReference; lastKnownFileType = file.storyboard; path = "Launch Screen.storyboard"; sourceTree = "<group>"; };
		2AE1F8572AA6BAC000EE8AD9 /* ContentViewModelTests.swift */ = {isa = PBXFileReference; lastKnownFileType = sourcecode.swift; path = ContentViewModelTests.swift; sourceTree = "<group>"; };
		2AE1F8592AA6BCCE00EE8AD9 /* StudyViewModelTests.swift */ = {isa = PBXFileReference; lastKnownFileType = sourcecode.swift; path = StudyViewModelTests.swift; sourceTree = "<group>"; };
		2AE1F85D2AA6C1FD00EE8AD9 /* CardViewModelTests.swift */ = {isa = PBXFileReference; lastKnownFileType = sourcecode.swift; path = CardViewModelTests.swift; sourceTree = "<group>"; };
		2AE1F8612AA6CDE000EE8AD9 /* WindowScene.swift */ = {isa = PBXFileReference; lastKnownFileType = sourcecode.swift; path = WindowScene.swift; sourceTree = "<group>"; };
		2AE1F8632AA6CEA100EE8AD9 /* AudioSession.swift */ = {isa = PBXFileReference; lastKnownFileType = sourcecode.swift; path = AudioSession.swift; sourceTree = "<group>"; };
		2AE687132A42CA6D009BDD0C /* CardResponse.swift */ = {isa = PBXFileReference; lastKnownFileType = sourcecode.swift; path = CardResponse.swift; sourceTree = "<group>"; };
		2AFF922B2A9B263F0097ECE4 /* CategoryListViewModel.swift */ = {isa = PBXFileReference; lastKnownFileType = sourcecode.swift; path = CategoryListViewModel.swift; sourceTree = "<group>"; };
		C62C2ECE2AA4F68C0065DA91 /* Language.swift */ = {isa = PBXFileReference; lastKnownFileType = sourcecode.swift; path = Language.swift; sourceTree = "<group>"; };
		C66750C52AAD191300C19343 /* CardViewTests.swift */ = {isa = PBXFileReference; lastKnownFileType = sourcecode.swift; path = CardViewTests.swift; sourceTree = "<group>"; };
		C66F29942AAFE8EE00A73967 /* MockURLProtocol.swift */ = {isa = PBXFileReference; lastKnownFileType = sourcecode.swift; path = MockURLProtocol.swift; sourceTree = "<group>"; };
		C66F29982AB1260F00A73967 /* CardsViewModelTests.swift */ = {isa = PBXFileReference; lastKnownFileType = sourcecode.swift; path = CardsViewModelTests.swift; sourceTree = "<group>"; };
		C67328E42AACDEE5008D06C8 /* NoCardViewTests.swift */ = {isa = PBXFileReference; lastKnownFileType = sourcecode.swift; path = NoCardViewTests.swift; sourceTree = "<group>"; };
		C67328E62AACE905008D06C8 /* WhatIsMasteryRateViewTests.swift */ = {isa = PBXFileReference; lastKnownFileType = sourcecode.swift; path = WhatIsMasteryRateViewTests.swift; sourceTree = "<group>"; };
		C67328E82AACEE59008D06C8 /* CardListViewTests.swift */ = {isa = PBXFileReference; lastKnownFileType = sourcecode.swift; path = CardListViewTests.swift; sourceTree = "<group>"; };
		C67328EA2AACFD64008D06C8 /* AddCardViewTests.swift */ = {isa = PBXFileReference; lastKnownFileType = sourcecode.swift; path = AddCardViewTests.swift; sourceTree = "<group>"; };
		C67328EC2AACFE9C008D06C8 /* MasteryRateBarsTests.swift */ = {isa = PBXFileReference; lastKnownFileType = sourcecode.swift; path = MasteryRateBarsTests.swift; sourceTree = "<group>"; };
		C67328EE2AACFFA3008D06C8 /* CardsViewTests.swift */ = {isa = PBXFileReference; lastKnownFileType = sourcecode.swift; path = CardsViewTests.swift; sourceTree = "<group>"; };
		C67328F02AAD0A35008D06C8 /* CategoryListViewTests.swift */ = {isa = PBXFileReference; lastKnownFileType = sourcecode.swift; path = CategoryListViewTests.swift; sourceTree = "<group>"; };
		C676D74E2AADCE0D00982CB1 /* Meaning+Extensions.swift */ = {isa = PBXFileReference; lastKnownFileType = sourcecode.swift; path = "Meaning+Extensions.swift"; sourceTree = "<group>"; };
		C676D7502AADD07E00982CB1 /* Card+Extensions.swift */ = {isa = PBXFileReference; lastKnownFileType = sourcecode.swift; path = "Card+Extensions.swift"; sourceTree = "<group>"; };
		C676D7542AADD81800982CB1 /* TestPlan.xctestplan */ = {isa = PBXFileReference; lastKnownFileType = text; path = TestPlan.xctestplan; sourceTree = "<group>"; };
		C676D7562AADE23400982CB1 /* PickerAlertTests.swift */ = {isa = PBXFileReference; lastKnownFileType = sourcecode.swift; path = PickerAlertTests.swift; sourceTree = "<group>"; };
		C69314622AA9D844000A0F4F /* AccountViewTests.swift */ = {isa = PBXFileReference; lastKnownFileType = sourcecode.swift; path = AccountViewTests.swift; sourceTree = "<group>"; };
		C6DE56E32AA8DE7E00C30AFF /* CategoryListViewModelTests.swift */ = {isa = PBXFileReference; lastKnownFileType = sourcecode.swift; path = CategoryListViewModelTests.swift; sourceTree = "<group>"; };
		C6DE56E52AA8F27C00C30AFF /* AccountViewModelTests.swift */ = {isa = PBXFileReference; lastKnownFileType = sourcecode.swift; path = AccountViewModelTests.swift; sourceTree = "<group>"; };
		C6DE56E72AA8F6CD00C30AFF /* NoCardViewModelTests.swift */ = {isa = PBXFileReference; lastKnownFileType = sourcecode.swift; path = NoCardViewModelTests.swift; sourceTree = "<group>"; };
		C6DE56E92AA8FE5100C30AFF /* MasteryRateBarsViewModelTests.swift */ = {isa = PBXFileReference; lastKnownFileType = sourcecode.swift; path = MasteryRateBarsViewModelTests.swift; sourceTree = "<group>"; };
		C6FA61552AAE0C9C00DE1B5C /* CoreDataServiceTests.swift */ = {isa = PBXFileReference; lastKnownFileType = sourcecode.swift; path = CoreDataServiceTests.swift; sourceTree = "<group>"; };
		C6FA61572AAE189700DE1B5C /* NetworkServiceTests.swift */ = {isa = PBXFileReference; lastKnownFileType = sourcecode.swift; path = NetworkServiceTests.swift; sourceTree = "<group>"; };
		C6FA61612AAE421E00DE1B5C /* PickerAlert.swift */ = {isa = PBXFileReference; lastKnownFileType = sourcecode.swift; path = PickerAlert.swift; sourceTree = "<group>"; };
		C6FA61632AAE423800DE1B5C /* CardDetailSheet.swift */ = {isa = PBXFileReference; lastKnownFileType = sourcecode.swift; path = CardDetailSheet.swift; sourceTree = "<group>"; };
		C6FA61662AAE42BA00DE1B5C /* ProgressAlert.swift */ = {isa = PBXFileReference; lastKnownFileType = sourcecode.swift; path = ProgressAlert.swift; sourceTree = "<group>"; };
		C6FA616B2AAE445500DE1B5C /* CardDetailSheetTests.swift */ = {isa = PBXFileReference; lastKnownFileType = sourcecode.swift; path = CardDetailSheetTests.swift; sourceTree = "<group>"; };
		C6FA616E2AAE4B1900DE1B5C /* MailView.swift */ = {isa = PBXFileReference; lastKnownFileType = sourcecode.swift; path = MailView.swift; sourceTree = "<group>"; };
/* End PBXFileReference section */

/* Begin PBXFrameworksBuildPhase section */
		2A2015B62A63D9EA00C67716 /* Frameworks */ = {
			isa = PBXFrameworksBuildPhase;
			buildActionMask = 2147483647;
			files = (
				C60942EC2AAB782A000C43F9 /* ViewInspector in Frameworks */,
			);
			runOnlyForDeploymentPostprocessing = 0;
		};
		2ABC63572A38147900718C90 /* Frameworks */ = {
			isa = PBXFrameworksBuildPhase;
			buildActionMask = 2147483647;
			files = (
			);
			runOnlyForDeploymentPostprocessing = 0;
		};
/* End PBXFrameworksBuildPhase section */

/* Begin PBXGroup section */
		2A01FA162A4C943700C7C1CE /* Root */ = {
			isa = PBXGroup;
			children = (
				2ABC635F2A38147900718C90 /* ContentView.swift */,
				2AB6B86B2A9A511A00645F08 /* ContentViewModel.swift */,
			);
			path = Root;
			sourceTree = "<group>";
		};
		2A2015BA2A63D9EA00C67716 /* WordWizeTests */ = {
			isa = PBXGroup;
			children = (
				C6FA61542AAE0C8000DE1B5C /* Service */,
				C69314612AA9D803000A0F4F /* UI */,
				C69314602AA9D7CE000A0F4F /* ViewModel */,
				C676D7542AADD81800982CB1 /* TestPlan.xctestplan */,
			);
			path = WordWizeTests;
			sourceTree = "<group>";
		};
		2A2015C42A63F40C00C67716 /* Service */ = {
			isa = PBXGroup;
			children = (
				2ADC3C262A50A20C00AA5903 /* CoreDataService.swift */,
				2A2015C52A63F42300C67716 /* NetworkService.swift */,
			);
			path = Service;
			sourceTree = "<group>";
		};
		2A224EE52A5BBE4900539872 /* Extension */ = {
			isa = PBXGroup;
			children = (
				2A0CC6CF2A5BBE9C00657BA4 /* Color+Extension.swift */,
				2AB76B002A63998600C2C260 /* Array+Extension.swift */,
			);
			path = Extension;
			sourceTree = "<group>";
		};
		2A3C1DF92A390ECB001B6E0E /* AccountTab */ = {
			isa = PBXGroup;
			children = (
				2ABC636C2A38167800718C90 /* AccountView.swift */,
				2A73CE372A9B4046003D9A23 /* AccountViewModel.swift */,
				C6FA61702AAE4B2A00DE1B5C /* Components */,
			);
			path = AccountTab;
			sourceTree = "<group>";
		};
		2A3C1DFA2A390EF3001B6E0E /* View */ = {
			isa = PBXGroup;
			children = (
				2A01FA162A4C943700C7C1CE /* Root */,
				2A3C1DFC2A390F16001B6E0E /* StudyTab */,
				2A3C1DFB2A390F0D001B6E0E /* AddTab */,
				2A71E43D2A484FFA005B897C /* CardListTab */,
				2A3C1DF92A390ECB001B6E0E /* AccountTab */,
				2A3C1DFE2A390F44001B6E0E /* Components */,
			);
			path = View;
			sourceTree = "<group>";
		};
		2A3C1DFB2A390F0D001B6E0E /* AddTab */ = {
			isa = PBXGroup;
			children = (
				2ABC637C2A38194300718C90 /* AddCardView.swift */,
				2A73CE352A9B2F1C003D9A23 /* AddCardViewModel.swift */,
				C6FA61652AAE42A200DE1B5C /* Components */,
			);
			path = AddTab;
			sourceTree = "<group>";
		};
		2A3C1DFC2A390F16001B6E0E /* StudyTab */ = {
			isa = PBXGroup;
			children = (
				2AB6B86D2A9A5D6900645F08 /* StudyView */,
				2AB6B8702A9A736500645F08 /* CardView */,
				2AB6B8732A9AFE0000645F08 /* CardsView */,
			);
			path = StudyTab;
			sourceTree = "<group>";
		};
		2A3C1DFE2A390F44001B6E0E /* Components */ = {
			isa = PBXGroup;
			children = (
				2A68022B2A9BB94200AADB8C /* NoCardView */,
				2A68022E2A9BBB7600AADB8C /* MasteryRateBars */,
				2AB7C9672A512BD600A703FA /* GradientBackground.swift */,
				2A4F009F2A5132510000928E /* BlurBackground.swift */,
				2A7A12732A8C5C9700DC44B7 /* WhatIsMasteryRateView.swift */,
			);
			path = Components;
			sourceTree = "<group>";
		};
		2A3C1DFF2A3924FC001B6E0E /* Model */ = {
			isa = PBXGroup;
			children = (
				2AE687132A42CA6D009BDD0C /* CardResponse.swift */,
				2AB76AF92A6386E300C2C260 /* ImageResponse.swift */,
				2A737B322A6DA3B1002814E2 /* translationResponse.swift */,
				2A4804AE2A714EE6003AC26E /* MerriamWebsterResponse.swift */,
				C62C2ECE2AA4F68C0065DA91 /* Language.swift */,
				2AD30C802A9EF76900BCEF04 /* MyError.swift */,
				2AB7C9612A51240100A703FA /* PickerOptions.swift */,
			);
			path = Model;
			sourceTree = "<group>";
		};
		2A5E8C3F2A9C7B8F00039950 /* Injected */ = {
			isa = PBXGroup;
			children = (
				2A5E8C402A9C7B9E00039950 /* AppState.swift */,
				2A5E8C422A9C7BBD00039950 /* DIContainer.swift */,
				2AE1F8612AA6CDE000EE8AD9 /* WindowScene.swift */,
				2AE1F8632AA6CEA100EE8AD9 /* AudioSession.swift */,
			);
			path = Injected;
			sourceTree = "<group>";
		};
		2A68022B2A9BB94200AADB8C /* NoCardView */ = {
			isa = PBXGroup;
			children = (
				2A71E4402A4851FE005B897C /* NoCardView.swift */,
				2A68022C2A9BB94E00AADB8C /* NoCardViewModel.swift */,
			);
			path = NoCardView;
			sourceTree = "<group>";
		};
		2A68022E2A9BBB7600AADB8C /* MasteryRateBars */ = {
			isa = PBXGroup;
			children = (
				2A581C222A89241900A86494 /* MasteryRateBars.swift */,
				2A68022F2A9BBB8A00AADB8C /* MasteryRateBarsViewModel.swift */,
			);
			path = MasteryRateBars;
			sourceTree = "<group>";
		};
		2A71E43D2A484FFA005B897C /* CardListTab */ = {
			isa = PBXGroup;
			children = (
				2AFF922A2A9B25C10097ECE4 /* CategoryListView */,
				2AB6B8782A9B11AF00645F08 /* CardListView */,
			);
			path = CardListTab;
			sourceTree = "<group>";
		};
		2A894F8A2A3FB60700163F92 /* CoreData */ = {
			isa = PBXGroup;
			children = (
				2A1787C02A3EFAD400773FD6 /* Card.xcdatamodeld */,
				2ABD50272A40F461000459BC /* Persistence.swift */,
				2A881D222A8375C2003329E1 /* MasteryRate.swift */,
				C676D74E2AADCE0D00982CB1 /* Meaning+Extensions.swift */,
				C676D7502AADD07E00982CB1 /* Card+Extensions.swift */,
			);
			path = CoreData;
			sourceTree = "<group>";
		};
		2AB6B86D2A9A5D6900645F08 /* StudyView */ = {
			isa = PBXGroup;
			children = (
				2ABC637E2A381B2700718C90 /* StudyView.swift */,
				2AB6B86E2A9A5D8000645F08 /* StudyViewModel.swift */,
			);
			path = StudyView;
			sourceTree = "<group>";
		};
		2AB6B8702A9A736500645F08 /* CardView */ = {
			isa = PBXGroup;
			children = (
				2A3C1E072A3944E4001B6E0E /* CardView.swift */,
				2AB6B8712A9A738C00645F08 /* CardViewModel.swift */,
			);
			path = CardView;
			sourceTree = "<group>";
		};
		2AB6B8732A9AFE0000645F08 /* CardsView */ = {
			isa = PBXGroup;
			children = (
				2A8250ED2A922B4000ADD88E /* CardsView.swift */,
				2AB6B8742A9AFE0F00645F08 /* CardsViewModel.swift */,
			);
			path = CardsView;
			sourceTree = "<group>";
		};
		2AB6B8782A9B11AF00645F08 /* CardListView */ = {
			isa = PBXGroup;
			children = (
				2A71E43E2A48500E005B897C /* CardListView.swift */,
				2AB6B8762A9B060F00645F08 /* CardListViewModel.swift */,
				C6FA61602AAE41FC00DE1B5C /* Components */,
			);
			path = CardListView;
			sourceTree = "<group>";
		};
		2ABC63512A38147900718C90 = {
			isa = PBXGroup;
			children = (
				2ABC635C2A38147900718C90 /* WordWize */,
				2A2015BA2A63D9EA00C67716 /* WordWizeTests */,
				2ABC635B2A38147900718C90 /* Products */,
				C60942EA2AAB782A000C43F9 /* Frameworks */,
			);
			sourceTree = "<group>";
		};
		2ABC635B2A38147900718C90 /* Products */ = {
			isa = PBXGroup;
			children = (
				2ABC635A2A38147900718C90 /* WordWize.app */,
				2A2015B92A63D9EA00C67716 /* WordWizeTests.xctest */,
			);
			name = Products;
			sourceTree = "<group>";
		};
		2ABC635C2A38147900718C90 /* WordWize */ = {
			isa = PBXGroup;
			children = (
				2AD373E52A6D83FB006DD2FB /* Info.plist */,
				2A01FA0F2A4C84E900C7C1CE /* WordWize.entitlements */,
				2A01FA102A4C84F400C7C1CE /* WordWizeApp.swift */,
				2ABC63612A38147900718C90 /* Assets.xcassets */,
				2ADC3C2C2A50A83400AA5903 /* Launch Screen.storyboard */,
				2A894F8A2A3FB60700163F92 /* CoreData */,
				2A3C1DFF2A3924FC001B6E0E /* Model */,
				2A5E8C3F2A9C7B8F00039950 /* Injected */,
				2A3C1DFA2A390EF3001B6E0E /* View */,
				2A2015C42A63F40C00C67716 /* Service */,
				2AD20E332A6372E4000C3822 /* Helper */,
				2A224EE52A5BBE4900539872 /* Extension */,
			);
			path = WordWize;
			sourceTree = "<group>";
		};
		2AD20E332A6372E4000C3822 /* Helper */ = {
			isa = PBXGroup;
			children = (
				2A86C5F82A9E27EA002F0AA3 /* MockHelper.swift */,
				2A442B8E2A7010420083A476 /* Keys.swift */,
				C66F29942AAFE8EE00A73967 /* MockURLProtocol.swift */,
			);
			path = Helper;
			sourceTree = "<group>";
		};
		2AFF922A2A9B25C10097ECE4 /* CategoryListView */ = {
			isa = PBXGroup;
			children = (
				2A46C39D2A88B1BC0020FE22 /* CategoryListView.swift */,
				2AFF922B2A9B263F0097ECE4 /* CategoryListViewModel.swift */,
			);
			path = CategoryListView;
			sourceTree = "<group>";
		};
		C60942EA2AAB782A000C43F9 /* Frameworks */ = {
			isa = PBXGroup;
			children = (
			);
			name = Frameworks;
			sourceTree = "<group>";
		};
		C69314602AA9D7CE000A0F4F /* ViewModel */ = {
			isa = PBXGroup;
			children = (
				2AE1F8572AA6BAC000EE8AD9 /* ContentViewModelTests.swift */,
				2AE1F8592AA6BCCE00EE8AD9 /* StudyViewModelTests.swift */,
				2AE1F85D2AA6C1FD00EE8AD9 /* CardViewModelTests.swift */,
				2A2583D52AA8328F00B64531 /* AddCardViewModelTests.swift */,
				2A682AC72AA8752500C5DB70 /* CardListViewModelTests.swift */,
				C6DE56E32AA8DE7E00C30AFF /* CategoryListViewModelTests.swift */,
				C6DE56E52AA8F27C00C30AFF /* AccountViewModelTests.swift */,
				C6DE56E72AA8F6CD00C30AFF /* NoCardViewModelTests.swift */,
				C6DE56E92AA8FE5100C30AFF /* MasteryRateBarsViewModelTests.swift */,
				C66F29982AB1260F00A73967 /* CardsViewModelTests.swift */,
			);
			path = ViewModel;
			sourceTree = "<group>";
		};
		C69314612AA9D803000A0F4F /* UI */ = {
			isa = PBXGroup;
			children = (
				C69314622AA9D844000A0F4F /* AccountViewTests.swift */,
				C67328E42AACDEE5008D06C8 /* NoCardViewTests.swift */,
				C67328E62AACE905008D06C8 /* WhatIsMasteryRateViewTests.swift */,
				C67328E82AACEE59008D06C8 /* CardListViewTests.swift */,
				C67328EA2AACFD64008D06C8 /* AddCardViewTests.swift */,
				C67328EE2AACFFA3008D06C8 /* CardsViewTests.swift */,
				C67328F02AAD0A35008D06C8 /* CategoryListViewTests.swift */,
				C66750C52AAD191300C19343 /* CardViewTests.swift */,
				C6FA616A2AAE43D900DE1B5C /* Components */,
			);
			path = UI;
			sourceTree = "<group>";
		};
		C6FA61542AAE0C8000DE1B5C /* Service */ = {
			isa = PBXGroup;
			children = (
				C6FA61552AAE0C9C00DE1B5C /* CoreDataServiceTests.swift */,
				C6FA61572AAE189700DE1B5C /* NetworkServiceTests.swift */,
			);
			path = Service;
			sourceTree = "<group>";
		};
		C6FA61602AAE41FC00DE1B5C /* Components */ = {
			isa = PBXGroup;
			children = (
				C6FA61612AAE421E00DE1B5C /* PickerAlert.swift */,
				C6FA61632AAE423800DE1B5C /* CardDetailSheet.swift */,
			);
			path = Components;
			sourceTree = "<group>";
		};
		C6FA61652AAE42A200DE1B5C /* Components */ = {
			isa = PBXGroup;
			children = (
				C6FA61662AAE42BA00DE1B5C /* ProgressAlert.swift */,
			);
			path = Components;
			sourceTree = "<group>";
		};
		C6FA616A2AAE43D900DE1B5C /* Components */ = {
			isa = PBXGroup;
			children = (
				C67328EC2AACFE9C008D06C8 /* MasteryRateBarsTests.swift */,
				C676D7562AADE23400982CB1 /* PickerAlertTests.swift */,
				C6FA616B2AAE445500DE1B5C /* CardDetailSheetTests.swift */,
			);
			path = Components;
			sourceTree = "<group>";
		};
		C6FA61702AAE4B2A00DE1B5C /* Components */ = {
			isa = PBXGroup;
			children = (
				C6FA616E2AAE4B1900DE1B5C /* MailView.swift */,
			);
			path = Components;
			sourceTree = "<group>";
		};
/* End PBXGroup section */

/* Begin PBXNativeTarget section */
		2A2015B82A63D9EA00C67716 /* WordWizeTests */ = {
			isa = PBXNativeTarget;
			buildConfigurationList = 2A2015C12A63D9EA00C67716 /* Build configuration list for PBXNativeTarget "WordWizeTests" */;
			buildPhases = (
				2A2015B52A63D9EA00C67716 /* Sources */,
				2A2015B62A63D9EA00C67716 /* Frameworks */,
				2A2015B72A63D9EA00C67716 /* Resources */,
			);
			buildRules = (
			);
			dependencies = (
				2A2015BE2A63D9EA00C67716 /* PBXTargetDependency */,
			);
			name = WordWizeTests;
			packageProductDependencies = (
				C60942EB2AAB782A000C43F9 /* ViewInspector */,
			);
			productName = WordWizeTests;
			productReference = 2A2015B92A63D9EA00C67716 /* WordWizeTests.xctest */;
			productType = "com.apple.product-type.bundle.unit-test";
		};
		2ABC63592A38147900718C90 /* WordWize */ = {
			isa = PBXNativeTarget;
			buildConfigurationList = 2ABC63692A38147900718C90 /* Build configuration list for PBXNativeTarget "WordWize" */;
			buildPhases = (
				2ABC63562A38147900718C90 /* Sources */,
				2ABC63572A38147900718C90 /* Frameworks */,
				2ABC63582A38147900718C90 /* Resources */,
			);
			buildRules = (
			);
			dependencies = (
			);
			name = WordWize;
			packageProductDependencies = (
			);
			productName = WordWize;
			productReference = 2ABC635A2A38147900718C90 /* WordWize.app */;
			productType = "com.apple.product-type.application";
		};
/* End PBXNativeTarget section */

/* Begin PBXProject section */
		2ABC63522A38147900718C90 /* Project object */ = {
			isa = PBXProject;
			attributes = {
				BuildIndependentTargetsInParallel = 1;
				LastSwiftUpdateCheck = 1500;
				LastUpgradeCheck = 1430;
				TargetAttributes = {
					2A2015B82A63D9EA00C67716 = {
						CreatedOnToolsVersion = 15.0;
						LastSwiftMigration = 1500;
						TestTargetID = 2ABC63592A38147900718C90;
					};
					2ABC63592A38147900718C90 = {
						CreatedOnToolsVersion = 14.3.1;
					};
				};
			};
			buildConfigurationList = 2ABC63552A38147900718C90 /* Build configuration list for PBXProject "WordWize" */;
			compatibilityVersion = "Xcode 14.0";
			developmentRegion = en;
			hasScannedForEncodings = 0;
			knownRegions = (
				en,
				Base,
			);
			mainGroup = 2ABC63512A38147900718C90;
			packageReferences = (
				C6D77F6A2AA91FE4007C6EA8 /* XCRemoteSwiftPackageReference "ViewInspector" */,
			);
			productRefGroup = 2ABC635B2A38147900718C90 /* Products */;
			projectDirPath = "";
			projectRoot = "";
			targets = (
				2ABC63592A38147900718C90 /* WordWize */,
				2A2015B82A63D9EA00C67716 /* WordWizeTests */,
			);
		};
/* End PBXProject section */

/* Begin PBXResourcesBuildPhase section */
		2A2015B72A63D9EA00C67716 /* Resources */ = {
			isa = PBXResourcesBuildPhase;
			buildActionMask = 2147483647;
			files = (
			);
			runOnlyForDeploymentPostprocessing = 0;
		};
		2ABC63582A38147900718C90 /* Resources */ = {
			isa = PBXResourcesBuildPhase;
			buildActionMask = 2147483647;
			files = (
				2ADC3C2D2A50A83400AA5903 /* Launch Screen.storyboard in Resources */,
				2ABC63622A38147900718C90 /* Assets.xcassets in Resources */,
			);
			runOnlyForDeploymentPostprocessing = 0;
		};
/* End PBXResourcesBuildPhase section */

/* Begin PBXSourcesBuildPhase section */
		2A2015B52A63D9EA00C67716 /* Sources */ = {
			isa = PBXSourcesBuildPhase;
			buildActionMask = 2147483647;
			files = (
				C6FA61582AAE189700DE1B5C /* NetworkServiceTests.swift in Sources */,
				C67328E52AACDEE5008D06C8 /* NoCardViewTests.swift in Sources */,
				C69314632AA9D844000A0F4F /* AccountViewTests.swift in Sources */,
				C66750C62AAD191300C19343 /* CardViewTests.swift in Sources */,
				2A2583D62AA8328F00B64531 /* AddCardViewModelTests.swift in Sources */,
				2AE1F85A2AA6BCCE00EE8AD9 /* StudyViewModelTests.swift in Sources */,
				C67328ED2AACFE9C008D06C8 /* MasteryRateBarsTests.swift in Sources */,
				C67328E72AACE905008D06C8 /* WhatIsMasteryRateViewTests.swift in Sources */,
				C6DE56E62AA8F27C00C30AFF /* AccountViewModelTests.swift in Sources */,
				C6FA61562AAE0C9C00DE1B5C /* CoreDataServiceTests.swift in Sources */,
				C6FA616C2AAE445500DE1B5C /* CardDetailSheetTests.swift in Sources */,
				C67328E92AACEE59008D06C8 /* CardListViewTests.swift in Sources */,
				2AE1F8582AA6BAC000EE8AD9 /* ContentViewModelTests.swift in Sources */,
				C67328EB2AACFD64008D06C8 /* AddCardViewTests.swift in Sources */,
				C67328EF2AACFFA3008D06C8 /* CardsViewTests.swift in Sources */,
				2AE1F85E2AA6C1FD00EE8AD9 /* CardViewModelTests.swift in Sources */,
				C6DE56E82AA8F6CD00C30AFF /* NoCardViewModelTests.swift in Sources */,
				C6DE56E42AA8DE7E00C30AFF /* CategoryListViewModelTests.swift in Sources */,
				2A682AC82AA8752500C5DB70 /* CardListViewModelTests.swift in Sources */,
				C6DE56EA2AA8FE5100C30AFF /* MasteryRateBarsViewModelTests.swift in Sources */,
				C676D7572AADE23400982CB1 /* PickerAlertTests.swift in Sources */,
				C67328F12AAD0A35008D06C8 /* CategoryListViewTests.swift in Sources */,
				C66F29992AB1260F00A73967 /* CardsViewModelTests.swift in Sources */,
			);
			runOnlyForDeploymentPostprocessing = 0;
		};
		2ABC63562A38147900718C90 /* Sources */ = {
			isa = PBXSourcesBuildPhase;
			buildActionMask = 2147483647;
			files = (
				2A0CC6D02A5BBE9C00657BA4 /* Color+Extension.swift in Sources */,
				C6FA61622AAE421E00DE1B5C /* PickerAlert.swift in Sources */,
				C6FA61672AAE42BA00DE1B5C /* ProgressAlert.swift in Sources */,
				2A4804AF2A714EE6003AC26E /* MerriamWebsterResponse.swift in Sources */,
				2A7A12742A8C5C9700DC44B7 /* WhatIsMasteryRateView.swift in Sources */,
				2AB6B8752A9AFE0F00645F08 /* CardsViewModel.swift in Sources */,
				2ABC637F2A381B2700718C90 /* StudyView.swift in Sources */,
				2A71E4412A4851FE005B897C /* NoCardView.swift in Sources */,
				2AE1F8622AA6CDE000EE8AD9 /* WindowScene.swift in Sources */,
				2AB6B8772A9B060F00645F08 /* CardListViewModel.swift in Sources */,
				2A46C39E2A88B1BC0020FE22 /* CategoryListView.swift in Sources */,
				2ABD50282A40F461000459BC /* Persistence.swift in Sources */,
				2A86C5F92A9E27EA002F0AA3 /* MockHelper.swift in Sources */,
				2ABC636D2A38167800718C90 /* AccountView.swift in Sources */,
				C6FA61642AAE423800DE1B5C /* CardDetailSheet.swift in Sources */,
				2AB6B86F2A9A5D8000645F08 /* StudyViewModel.swift in Sources */,
				2A01FA112A4C84F400C7C1CE /* WordWizeApp.swift in Sources */,
				2A6802302A9BBB8A00AADB8C /* MasteryRateBarsViewModel.swift in Sources */,
				2AB6B8722A9A738C00645F08 /* CardViewModel.swift in Sources */,
				2ABC63602A38147900718C90 /* ContentView.swift in Sources */,
				2AB7C9682A512BD600A703FA /* GradientBackground.swift in Sources */,
				2AB6B86C2A9A511A00645F08 /* ContentViewModel.swift in Sources */,
				2AE687142A42CA6D009BDD0C /* CardResponse.swift in Sources */,
				C676D7512AADD07E00982CB1 /* Card+Extensions.swift in Sources */,
				2AFF922C2A9B263F0097ECE4 /* CategoryListViewModel.swift in Sources */,
				2A442B8F2A7010420083A476 /* Keys.swift in Sources */,
				2AD30C812A9EF76900BCEF04 /* MyError.swift in Sources */,
				2A5E8C412A9C7B9E00039950 /* AppState.swift in Sources */,
				2A68022D2A9BB94E00AADB8C /* NoCardViewModel.swift in Sources */,
				2AE1F8642AA6CEA100EE8AD9 /* AudioSession.swift in Sources */,
				2A73CE362A9B2F1C003D9A23 /* AddCardViewModel.swift in Sources */,
				C66F29952AAFE8EE00A73967 /* MockURLProtocol.swift in Sources */,
				2ABC637D2A38194300718C90 /* AddCardView.swift in Sources */,
				2A71E43F2A48500E005B897C /* CardListView.swift in Sources */,
				2A4F00A02A5132510000928E /* BlurBackground.swift in Sources */,
				C6FA616F2AAE4B1900DE1B5C /* MailView.swift in Sources */,
				2A881D232A8375C2003329E1 /* MasteryRate.swift in Sources */,
				2AB76B012A63998600C2C260 /* Array+Extension.swift in Sources */,
				2A737B332A6DA3B1002814E2 /* translationResponse.swift in Sources */,
				C676D74F2AADCE0D00982CB1 /* Meaning+Extensions.swift in Sources */,
				2ADC3C272A50A20C00AA5903 /* CoreDataService.swift in Sources */,
				2AB7C9622A51240100A703FA /* PickerOptions.swift in Sources */,
				2A3C1E082A3944E4001B6E0E /* CardView.swift in Sources */,
				C62C2ECF2AA4F68C0065DA91 /* Language.swift in Sources */,
				2A2015C62A63F42300C67716 /* NetworkService.swift in Sources */,
				2A8250EE2A922B4000ADD88E /* CardsView.swift in Sources */,
				2A1787C22A3EFAD400773FD6 /* Card.xcdatamodeld in Sources */,
				2AB76AFA2A6386E300C2C260 /* ImageResponse.swift in Sources */,
				2A581C232A89241900A86494 /* MasteryRateBars.swift in Sources */,
				2A73CE382A9B4046003D9A23 /* AccountViewModel.swift in Sources */,
				2A5E8C432A9C7BBD00039950 /* DIContainer.swift in Sources */,
			);
			runOnlyForDeploymentPostprocessing = 0;
		};
/* End PBXSourcesBuildPhase section */

/* Begin PBXTargetDependency section */
		2A2015BE2A63D9EA00C67716 /* PBXTargetDependency */ = {
			isa = PBXTargetDependency;
			target = 2ABC63592A38147900718C90 /* WordWize */;
			targetProxy = 2A2015BD2A63D9EA00C67716 /* PBXContainerItemProxy */;
		};
/* End PBXTargetDependency section */

/* Begin XCBuildConfiguration section */
		2A2015BF2A63D9EA00C67716 /* Debug */ = {
			isa = XCBuildConfiguration;
			buildSettings = {
				ASSETCATALOG_COMPILER_GENERATE_SWIFT_ASSET_SYMBOL_EXTENSIONS = YES;
				BUNDLE_LOADER = "$(TEST_HOST)";
				CLANG_ENABLE_MODULES = YES;
				CODE_SIGN_STYLE = Automatic;
				CURRENT_PROJECT_VERSION = 1;
				DEVELOPMENT_TEAM = 4WXTDSDQPZ;
				ENABLE_USER_SCRIPT_SANDBOXING = YES;
				GCC_C_LANGUAGE_STANDARD = gnu17;
				GENERATE_INFOPLIST_FILE = YES;
				IPHONEOS_DEPLOYMENT_TARGET = 16.0;
				LOCALIZATION_PREFERS_STRING_CATALOGS = YES;
				MARKETING_VERSION = 1.0;
				"OTHER_SWIFT_FLAGS[arch=*]" = "-D TESTING";
				PRODUCT_BUNDLE_IDENTIFIER = com.musayazici.wordwizeTests;
				PRODUCT_NAME = "$(TARGET_NAME)";
				SDKROOT = iphoneos;
				SWIFT_ACTIVE_COMPILATION_CONDITIONS = "DEBUG $(inherited)";
				SWIFT_EMIT_LOC_STRINGS = NO;
				SWIFT_OPTIMIZATION_LEVEL = "-Onone";
				SWIFT_VERSION = 5.0;
				TARGETED_DEVICE_FAMILY = "1,2";
				TEST_HOST = "$(BUILT_PRODUCTS_DIR)/WordWize.app/$(BUNDLE_EXECUTABLE_FOLDER_PATH)/WordWize";
			};
			name = Debug;
		};
		2A2015C02A63D9EA00C67716 /* Release */ = {
			isa = XCBuildConfiguration;
			buildSettings = {
				ASSETCATALOG_COMPILER_GENERATE_SWIFT_ASSET_SYMBOL_EXTENSIONS = YES;
				BUNDLE_LOADER = "$(TEST_HOST)";
				CLANG_ENABLE_MODULES = YES;
				CODE_SIGN_STYLE = Automatic;
				CURRENT_PROJECT_VERSION = 1;
				DEVELOPMENT_TEAM = 4WXTDSDQPZ;
				ENABLE_USER_SCRIPT_SANDBOXING = YES;
				GCC_C_LANGUAGE_STANDARD = gnu17;
				GENERATE_INFOPLIST_FILE = YES;
				IPHONEOS_DEPLOYMENT_TARGET = 16.0;
				LOCALIZATION_PREFERS_STRING_CATALOGS = YES;
				MARKETING_VERSION = 1.0;
				PRODUCT_BUNDLE_IDENTIFIER = com.musayazici.wordwizeTests;
				PRODUCT_NAME = "$(TARGET_NAME)";
				SDKROOT = iphoneos;
				SWIFT_EMIT_LOC_STRINGS = NO;
				SWIFT_VERSION = 5.0;
				TARGETED_DEVICE_FAMILY = "1,2";
				TEST_HOST = "$(BUILT_PRODUCTS_DIR)/WordWize.app/$(BUNDLE_EXECUTABLE_FOLDER_PATH)/WordWize";
				VALIDATE_PRODUCT = YES;
			};
			name = Release;
		};
		2ABC63672A38147900718C90 /* Debug */ = {
			isa = XCBuildConfiguration;
			buildSettings = {
				ALWAYS_SEARCH_USER_PATHS = NO;
				CLANG_ANALYZER_NONNULL = YES;
				CLANG_ANALYZER_NUMBER_OBJECT_CONVERSION = YES_AGGRESSIVE;
				CLANG_CXX_LANGUAGE_STANDARD = "gnu++20";
				CLANG_ENABLE_MODULES = YES;
				CLANG_ENABLE_OBJC_ARC = YES;
				CLANG_ENABLE_OBJC_WEAK = YES;
				CLANG_WARN_BLOCK_CAPTURE_AUTORELEASING = YES;
				CLANG_WARN_BOOL_CONVERSION = YES;
				CLANG_WARN_COMMA = YES;
				CLANG_WARN_CONSTANT_CONVERSION = YES;
				CLANG_WARN_DEPRECATED_OBJC_IMPLEMENTATIONS = YES;
				CLANG_WARN_DIRECT_OBJC_ISA_USAGE = YES_ERROR;
				CLANG_WARN_DOCUMENTATION_COMMENTS = YES;
				CLANG_WARN_EMPTY_BODY = YES;
				CLANG_WARN_ENUM_CONVERSION = YES;
				CLANG_WARN_INFINITE_RECURSION = YES;
				CLANG_WARN_INT_CONVERSION = YES;
				CLANG_WARN_NON_LITERAL_NULL_CONVERSION = YES;
				CLANG_WARN_OBJC_IMPLICIT_RETAIN_SELF = YES;
				CLANG_WARN_OBJC_LITERAL_CONVERSION = YES;
				CLANG_WARN_OBJC_ROOT_CLASS = YES_ERROR;
				CLANG_WARN_QUOTED_INCLUDE_IN_FRAMEWORK_HEADER = YES;
				CLANG_WARN_RANGE_LOOP_ANALYSIS = YES;
				CLANG_WARN_STRICT_PROTOTYPES = YES;
				CLANG_WARN_SUSPICIOUS_MOVE = YES;
				CLANG_WARN_UNGUARDED_AVAILABILITY = YES_AGGRESSIVE;
				CLANG_WARN_UNREACHABLE_CODE = YES;
				CLANG_WARN__DUPLICATE_METHOD_MATCH = YES;
				COPY_PHASE_STRIP = NO;
				DEBUG_INFORMATION_FORMAT = dwarf;
				ENABLE_STRICT_OBJC_MSGSEND = YES;
				ENABLE_TESTABILITY = YES;
				GCC_C_LANGUAGE_STANDARD = gnu11;
				GCC_DYNAMIC_NO_PIC = NO;
				GCC_NO_COMMON_BLOCKS = YES;
				GCC_OPTIMIZATION_LEVEL = 0;
				GCC_PREPROCESSOR_DEFINITIONS = (
					"DEBUG=1",
					"$(inherited)",
				);
				GCC_WARN_64_TO_32_BIT_CONVERSION = YES;
				GCC_WARN_ABOUT_RETURN_TYPE = YES_ERROR;
				GCC_WARN_UNDECLARED_SELECTOR = YES;
				GCC_WARN_UNINITIALIZED_AUTOS = YES_AGGRESSIVE;
				GCC_WARN_UNUSED_FUNCTION = YES;
				GCC_WARN_UNUSED_VARIABLE = YES;
				IPHONEOS_DEPLOYMENT_TARGET = 16.0;
				MACOSX_DEPLOYMENT_TARGET = 13.0;
				MTL_ENABLE_DEBUG_INFO = INCLUDE_SOURCE;
				MTL_FAST_MATH = YES;
				ONLY_ACTIVE_ARCH = YES;
				SWIFT_ACTIVE_COMPILATION_CONDITIONS = DEBUG;
				SWIFT_OPTIMIZATION_LEVEL = "-Onone";
			};
			name = Debug;
		};
		2ABC63682A38147900718C90 /* Release */ = {
			isa = XCBuildConfiguration;
			buildSettings = {
				ALWAYS_SEARCH_USER_PATHS = NO;
				CLANG_ANALYZER_NONNULL = YES;
				CLANG_ANALYZER_NUMBER_OBJECT_CONVERSION = YES_AGGRESSIVE;
				CLANG_CXX_LANGUAGE_STANDARD = "gnu++20";
				CLANG_ENABLE_MODULES = YES;
				CLANG_ENABLE_OBJC_ARC = YES;
				CLANG_ENABLE_OBJC_WEAK = YES;
				CLANG_WARN_BLOCK_CAPTURE_AUTORELEASING = YES;
				CLANG_WARN_BOOL_CONVERSION = YES;
				CLANG_WARN_COMMA = YES;
				CLANG_WARN_CONSTANT_CONVERSION = YES;
				CLANG_WARN_DEPRECATED_OBJC_IMPLEMENTATIONS = YES;
				CLANG_WARN_DIRECT_OBJC_ISA_USAGE = YES_ERROR;
				CLANG_WARN_DOCUMENTATION_COMMENTS = YES;
				CLANG_WARN_EMPTY_BODY = YES;
				CLANG_WARN_ENUM_CONVERSION = YES;
				CLANG_WARN_INFINITE_RECURSION = YES;
				CLANG_WARN_INT_CONVERSION = YES;
				CLANG_WARN_NON_LITERAL_NULL_CONVERSION = YES;
				CLANG_WARN_OBJC_IMPLICIT_RETAIN_SELF = YES;
				CLANG_WARN_OBJC_LITERAL_CONVERSION = YES;
				CLANG_WARN_OBJC_ROOT_CLASS = YES_ERROR;
				CLANG_WARN_QUOTED_INCLUDE_IN_FRAMEWORK_HEADER = YES;
				CLANG_WARN_RANGE_LOOP_ANALYSIS = YES;
				CLANG_WARN_STRICT_PROTOTYPES = YES;
				CLANG_WARN_SUSPICIOUS_MOVE = YES;
				CLANG_WARN_UNGUARDED_AVAILABILITY = YES_AGGRESSIVE;
				CLANG_WARN_UNREACHABLE_CODE = YES;
				CLANG_WARN__DUPLICATE_METHOD_MATCH = YES;
				COPY_PHASE_STRIP = NO;
				DEBUG_INFORMATION_FORMAT = "dwarf-with-dsym";
				ENABLE_NS_ASSERTIONS = NO;
				ENABLE_STRICT_OBJC_MSGSEND = YES;
				GCC_C_LANGUAGE_STANDARD = gnu11;
				GCC_NO_COMMON_BLOCKS = YES;
				GCC_WARN_64_TO_32_BIT_CONVERSION = YES;
				GCC_WARN_ABOUT_RETURN_TYPE = YES_ERROR;
				GCC_WARN_UNDECLARED_SELECTOR = YES;
				GCC_WARN_UNINITIALIZED_AUTOS = YES_AGGRESSIVE;
				GCC_WARN_UNUSED_FUNCTION = YES;
				GCC_WARN_UNUSED_VARIABLE = YES;
				IPHONEOS_DEPLOYMENT_TARGET = 16.0;
				MACOSX_DEPLOYMENT_TARGET = 13.0;
				MTL_ENABLE_DEBUG_INFO = NO;
				MTL_FAST_MATH = YES;
				SWIFT_COMPILATION_MODE = wholemodule;
				SWIFT_OPTIMIZATION_LEVEL = "-O";
			};
			name = Release;
		};
		2ABC636A2A38147900718C90 /* Debug */ = {
			isa = XCBuildConfiguration;
			buildSettings = {
				ASSETCATALOG_COMPILER_APPICON_NAME = AppIcon;
				ASSETCATALOG_COMPILER_GLOBAL_ACCENT_COLOR_NAME = AccentColor;
				CODE_SIGN_ENTITLEMENTS = WordWize/WordWize.entitlements;
				CODE_SIGN_STYLE = Automatic;
				CURRENT_PROJECT_VERSION = 1;
				DEVELOPMENT_TEAM = 4WXTDSDQPZ;
				ENABLE_HARDENED_RUNTIME = YES;
				ENABLE_PREVIEWS = YES;
				GENERATE_INFOPLIST_FILE = YES;
				INFOPLIST_FILE = WordWize/Info.plist;
				INFOPLIST_KEY_CFBundleDisplayName = WordWize;
				INFOPLIST_KEY_LSApplicationCategoryType = "public.app-category.education";
				"INFOPLIST_KEY_UIApplicationSceneManifest_Generation[sdk=iphoneos*]" = YES;
				"INFOPLIST_KEY_UIApplicationSceneManifest_Generation[sdk=iphonesimulator*]" = YES;
				"INFOPLIST_KEY_UIApplicationSupportsIndirectInputEvents[sdk=iphoneos*]" = YES;
				"INFOPLIST_KEY_UIApplicationSupportsIndirectInputEvents[sdk=iphonesimulator*]" = YES;
				"INFOPLIST_KEY_UILaunchScreen_Generation[sdk=iphoneos*]" = YES;
				"INFOPLIST_KEY_UILaunchScreen_Generation[sdk=iphonesimulator*]" = YES;
				INFOPLIST_KEY_UILaunchStoryboardName = "Launch Screen.storyboard";
				"INFOPLIST_KEY_UIStatusBarStyle[sdk=iphoneos*]" = UIStatusBarStyleDefault;
				"INFOPLIST_KEY_UIStatusBarStyle[sdk=iphonesimulator*]" = UIStatusBarStyleDefault;
				INFOPLIST_KEY_UISupportedInterfaceOrientations = UIInterfaceOrientationPortrait;
				INFOPLIST_KEY_UISupportedInterfaceOrientations_iPad = "UIInterfaceOrientationLandscapeLeft UIInterfaceOrientationLandscapeRight UIInterfaceOrientationPortrait UIInterfaceOrientationPortraitUpsideDown";
				IPHONEOS_DEPLOYMENT_TARGET = 16.0;
				LD_RUNPATH_SEARCH_PATHS = "@executable_path/Frameworks";
				"LD_RUNPATH_SEARCH_PATHS[sdk=macosx*]" = "@executable_path/../Frameworks";
				MACOSX_DEPLOYMENT_TARGET = 13.0;
				MARKETING_VERSION = 1.1;
				PRODUCT_BUNDLE_IDENTIFIER = com.musayazici.wordwize;
				PRODUCT_NAME = "$(TARGET_NAME)";
				SDKROOT = auto;
				SUPPORTED_PLATFORMS = "iphoneos iphonesimulator";
				SUPPORTS_MACCATALYST = YES;
				SUPPORTS_MAC_DESIGNED_FOR_IPHONE_IPAD = NO;
				SWIFT_EMIT_LOC_STRINGS = YES;
				SWIFT_VERSION = 5.0;
				TARGETED_DEVICE_FAMILY = "1,2";
			};
			name = Debug;
		};
		2ABC636B2A38147900718C90 /* Release */ = {
			isa = XCBuildConfiguration;
			buildSettings = {
				ASSETCATALOG_COMPILER_APPICON_NAME = AppIcon;
				ASSETCATALOG_COMPILER_GLOBAL_ACCENT_COLOR_NAME = AccentColor;
				CODE_SIGN_ENTITLEMENTS = WordWize/WordWize.entitlements;
				CODE_SIGN_STYLE = Automatic;
				CURRENT_PROJECT_VERSION = 1;
				DEVELOPMENT_TEAM = 4WXTDSDQPZ;
				ENABLE_HARDENED_RUNTIME = YES;
				ENABLE_PREVIEWS = YES;
				GENERATE_INFOPLIST_FILE = YES;
				INFOPLIST_FILE = WordWize/Info.plist;
				INFOPLIST_KEY_CFBundleDisplayName = WordWize;
				INFOPLIST_KEY_LSApplicationCategoryType = "public.app-category.education";
				"INFOPLIST_KEY_UIApplicationSceneManifest_Generation[sdk=iphoneos*]" = YES;
				"INFOPLIST_KEY_UIApplicationSceneManifest_Generation[sdk=iphonesimulator*]" = YES;
				"INFOPLIST_KEY_UIApplicationSupportsIndirectInputEvents[sdk=iphoneos*]" = YES;
				"INFOPLIST_KEY_UIApplicationSupportsIndirectInputEvents[sdk=iphonesimulator*]" = YES;
				"INFOPLIST_KEY_UILaunchScreen_Generation[sdk=iphoneos*]" = YES;
				"INFOPLIST_KEY_UILaunchScreen_Generation[sdk=iphonesimulator*]" = YES;
				INFOPLIST_KEY_UILaunchStoryboardName = "Launch Screen.storyboard";
				"INFOPLIST_KEY_UIStatusBarStyle[sdk=iphoneos*]" = UIStatusBarStyleDefault;
				"INFOPLIST_KEY_UIStatusBarStyle[sdk=iphonesimulator*]" = UIStatusBarStyleDefault;
				INFOPLIST_KEY_UISupportedInterfaceOrientations = UIInterfaceOrientationPortrait;
				INFOPLIST_KEY_UISupportedInterfaceOrientations_iPad = "UIInterfaceOrientationLandscapeLeft UIInterfaceOrientationLandscapeRight UIInterfaceOrientationPortrait UIInterfaceOrientationPortraitUpsideDown";
				IPHONEOS_DEPLOYMENT_TARGET = 16.0;
				LD_RUNPATH_SEARCH_PATHS = "@executable_path/Frameworks";
				"LD_RUNPATH_SEARCH_PATHS[sdk=macosx*]" = "@executable_path/../Frameworks";
				MACOSX_DEPLOYMENT_TARGET = 13.0;
				MARKETING_VERSION = 1.1;
				PRODUCT_BUNDLE_IDENTIFIER = com.musayazici.wordwize;
				PRODUCT_NAME = "$(TARGET_NAME)";
				SDKROOT = auto;
				SUPPORTED_PLATFORMS = "iphoneos iphonesimulator";
				SUPPORTS_MACCATALYST = YES;
				SUPPORTS_MAC_DESIGNED_FOR_IPHONE_IPAD = NO;
				SWIFT_EMIT_LOC_STRINGS = YES;
				SWIFT_VERSION = 5.0;
				TARGETED_DEVICE_FAMILY = "1,2";
			};
			name = Release;
		};
/* End XCBuildConfiguration section */

/* Begin XCConfigurationList section */
		2A2015C12A63D9EA00C67716 /* Build configuration list for PBXNativeTarget "WordWizeTests" */ = {
			isa = XCConfigurationList;
			buildConfigurations = (
				2A2015BF2A63D9EA00C67716 /* Debug */,
				2A2015C02A63D9EA00C67716 /* Release */,
			);
			defaultConfigurationIsVisible = 0;
			defaultConfigurationName = Release;
		};
		2ABC63552A38147900718C90 /* Build configuration list for PBXProject "WordWize" */ = {
			isa = XCConfigurationList;
			buildConfigurations = (
				2ABC63672A38147900718C90 /* Debug */,
				2ABC63682A38147900718C90 /* Release */,
			);
			defaultConfigurationIsVisible = 0;
			defaultConfigurationName = Release;
		};
		2ABC63692A38147900718C90 /* Build configuration list for PBXNativeTarget "WordWize" */ = {
			isa = XCConfigurationList;
			buildConfigurations = (
				2ABC636A2A38147900718C90 /* Debug */,
				2ABC636B2A38147900718C90 /* Release */,
			);
			defaultConfigurationIsVisible = 0;
			defaultConfigurationName = Release;
		};
/* End XCConfigurationList section */

/* Begin XCRemoteSwiftPackageReference section */
		C6D77F6A2AA91FE4007C6EA8 /* XCRemoteSwiftPackageReference "ViewInspector" */ = {
			isa = XCRemoteSwiftPackageReference;
			repositoryURL = "https://github.com/nalexn/ViewInspector";
			requirement = {
				kind = upToNextMinorVersion;
				minimumVersion = 0.9.8;
			};
		};
/* End XCRemoteSwiftPackageReference section */

/* Begin XCSwiftPackageProductDependency section */
		C60942EB2AAB782A000C43F9 /* ViewInspector */ = {
			isa = XCSwiftPackageProductDependency;
			package = C6D77F6A2AA91FE4007C6EA8 /* XCRemoteSwiftPackageReference "ViewInspector" */;
			productName = ViewInspector;
		};
/* End XCSwiftPackageProductDependency section */

/* Begin XCVersionGroup section */
		2A1787C02A3EFAD400773FD6 /* Card.xcdatamodeld */ = {
			isa = XCVersionGroup;
			children = (
				2A1787C12A3EFAD400773FD6 /* Card.xcdatamodel */,
			);
			currentVersion = 2A1787C12A3EFAD400773FD6 /* Card.xcdatamodel */;
			path = Card.xcdatamodeld;
			sourceTree = "<group>";
			versionGroupType = wrapper.xcdatamodel;
		};
/* End XCVersionGroup section */
	};
	rootObject = 2ABC63522A38147900718C90 /* Project object */;
}
